
Microsoft Visual Studio Solution File, Format Version 12.00
# Visual Studio Version 16
VisualStudioVersion = 16.0.30907.101
MinimumVisualStudioVersion = 10.0.40219.1
Project("{9A19103F-16F7-4668-BE54-9A1E7A4F7556}") = "BestColleagueDuo", "BestColleagueDuo.csproj", "{9CA93E4E-AF1D-4FC7-A53B-4FBFB82FB5A0}"
EndProject
Global
	GlobalSection(SolutionConfigurationPlatforms) = preSolution
		Debug|Any CPU = Debug|Any CPU
		Release|Any CPU = Release|Any CPU
	EndGlobalSection
	GlobalSection(ProjectConfigurationPlatforms) = postSolution
		{9CA93E4E-AF1D-4FC7-A53B-4FBFB82FB5A0}.Debug|Any CPU.ActiveCfg = Debug|Any CPU
		{9CA93E4E-AF1D-4FC7-A53B-4FBFB82FB5A0}.Debug|Any CPU.Build.0 = Debug|Any CPU
		{9CA93E4E-AF1D-4FC7-A53B-4FBFB82FB5A0}.Release|Any CPU.ActiveCfg = Release|Any CPU
		{9CA93E4E-AF1D-4FC7-A53B-4FBFB82FB5A0}.Release|Any CPU.Build.0 = Release|Any CPU
	EndGlobalSection
	GlobalSection(SolutionProperties) = preSolution
		HideSolutionNode = FALSE
	EndGlobalSection
	GlobalSection(ExtensibilityGlobals) = postSolution
		SolutionGuid = {696CDF65-7697-4764-BB08-0942F25FFFDD}
	EndGlobalSection
EndGlobal
